
Microsoft Visual Studio Solution File, Format Version 12.00
# Visual Studio Version 16
VisualStudioVersion = 16.0.31205.134
MinimumVisualStudioVersion = 10.0.40219.1
Project("{9A19103F-16F7-4668-BE54-9A1E7A4F7556}") = "Product.gRPC", "Product.gRPC\Product.gRPC.csproj", "{DC13BFB9-4B13-4EE7-8C46-4DAFF7CFD817}"
EndProject
Project("{9A19103F-16F7-4668-BE54-9A1E7A4F7556}") = "ProductWorkerService", "ProductWorkerService\ProductWorkerService.csproj", "{E3E0642F-608C-42A4-9CBE-909854BD0E8A}"
EndProject
Project("{2150E333-8FDC-42A3-9474-1A3956D46DE8}") = "Product", "Product", "{D2F50F30-E8B7-4B52-8790-060504354421}"
EndProject
Project("{2150E333-8FDC-42A3-9474-1A3956D46DE8}") = "Cart", "Cart", "{A3569EF4-3B6A-4810-B161-6FCC495158DC}"
EndProject
Project("{9A19103F-16F7-4668-BE54-9A1E7A4F7556}") = "Cart.gRPC", "Cart.gRPC\Cart.gRPC.csproj", "{8E511BD6-1BFA-4429-826C-BF83C80EBB01}"
EndProject
Project("{2150E333-8FDC-42A3-9474-1A3956D46DE8}") = "Discount", "Discount", "{C8FD9EAC-17A6-457C-909A-837887B218FA}"
EndProject
Project("{9A19103F-16F7-4668-BE54-9A1E7A4F7556}") = "Discount.gRPC", "Discount.gRPC\Discount.gRPC.csproj", "{68406099-E387-42B1-A287-DD91648F4483}"
EndProject
Project("{FAE04EC0-301F-11D3-BF4B-00C04F79EFBC}") = "CartWorkerService", "CartWorkerService\CartWorkerService.csproj", "{33B4CAF5-43C8-454E-80A5-C5B0940F08DD}"
EndProject
Global
	GlobalSection(SolutionConfigurationPlatforms) = preSolution
		Debug|Any CPU = Debug|Any CPU
		Release|Any CPU = Release|Any CPU
	EndGlobalSection
	GlobalSection(ProjectConfigurationPlatforms) = postSolution
		{DC13BFB9-4B13-4EE7-8C46-4DAFF7CFD817}.Debug|Any CPU.ActiveCfg = Debug|Any CPU
		{DC13BFB9-4B13-4EE7-8C46-4DAFF7CFD817}.Debug|Any CPU.Build.0 = Debug|Any CPU
		{DC13BFB9-4B13-4EE7-8C46-4DAFF7CFD817}.Release|Any CPU.ActiveCfg = Release|Any CPU
		{DC13BFB9-4B13-4EE7-8C46-4DAFF7CFD817}.Release|Any CPU.Build.0 = Release|Any CPU
		{E3E0642F-608C-42A4-9CBE-909854BD0E8A}.Debug|Any CPU.ActiveCfg = Debug|Any CPU
		{E3E0642F-608C-42A4-9CBE-909854BD0E8A}.Debug|Any CPU.Build.0 = Debug|Any CPU
		{E3E0642F-608C-42A4-9CBE-909854BD0E8A}.Release|Any CPU.ActiveCfg = Release|Any CPU
		{E3E0642F-608C-42A4-9CBE-909854BD0E8A}.Release|Any CPU.Build.0 = Release|Any CPU
		{8E511BD6-1BFA-4429-826C-BF83C80EBB01}.Debug|Any CPU.ActiveCfg = Debug|Any CPU
		{8E511BD6-1BFA-4429-826C-BF83C80EBB01}.Debug|Any CPU.Build.0 = Debug|Any CPU
		{8E511BD6-1BFA-4429-826C-BF83C80EBB01}.Release|Any CPU.ActiveCfg = Release|Any CPU
		{8E511BD6-1BFA-4429-826C-BF83C80EBB01}.Release|Any CPU.Build.0 = Release|Any CPU
		{68406099-E387-42B1-A287-DD91648F4483}.Debug|Any CPU.ActiveCfg = Debug|Any CPU
		{68406099-E387-42B1-A287-DD91648F4483}.Debug|Any CPU.Build.0 = Debug|Any CPU
		{68406099-E387-42B1-A287-DD91648F4483}.Release|Any CPU.ActiveCfg = Release|Any CPU
		{68406099-E387-42B1-A287-DD91648F4483}.Release|Any CPU.Build.0 = Release|Any CPU
		{33B4CAF5-43C8-454E-80A5-C5B0940F08DD}.Debug|Any CPU.ActiveCfg = Debug|Any CPU
		{33B4CAF5-43C8-454E-80A5-C5B0940F08DD}.Debug|Any CPU.Build.0 = Debug|Any CPU
		{33B4CAF5-43C8-454E-80A5-C5B0940F08DD}.Release|Any CPU.ActiveCfg = Release|Any CPU
		{33B4CAF5-43C8-454E-80A5-C5B0940F08DD}.Release|Any CPU.Build.0 = Release|Any CPU
	EndGlobalSection
	GlobalSection(SolutionProperties) = preSolution
		HideSolutionNode = FALSE
	EndGlobalSection
	GlobalSection(NestedProjects) = preSolution
		{DC13BFB9-4B13-4EE7-8C46-4DAFF7CFD817} = {D2F50F30-E8B7-4B52-8790-060504354421}
		{E3E0642F-608C-42A4-9CBE-909854BD0E8A} = {D2F50F30-E8B7-4B52-8790-060504354421}
		{8E511BD6-1BFA-4429-826C-BF83C80EBB01} = {A3569EF4-3B6A-4810-B161-6FCC495158DC}
		{68406099-E387-42B1-A287-DD91648F4483} = {C8FD9EAC-17A6-457C-909A-837887B218FA}
		{33B4CAF5-43C8-454E-80A5-C5B0940F08DD} = {A3569EF4-3B6A-4810-B161-6FCC495158DC}
	EndGlobalSection
	GlobalSection(ExtensibilityGlobals) = postSolution
		SolutionGuid = {C7DC9974-E931-45A5-AEE5-AB32E4121968}
	EndGlobalSection
EndGlobal
