
Microsoft Visual Studio Solution File, Format Version 12.00
# Visual Studio Version 16
VisualStudioVersion = 16.0.31205.134
MinimumVisualStudioVersion = 10.0.40219.1
Project("{9A19103F-16F7-4668-BE54-9A1E7A4F7556}") = "Product.gRPC", "Product.gRPC\Product.gRPC.csproj", "{DC13BFB9-4B13-4EE7-8C46-4DAFF7CFD817}"
EndProject
Global
	GlobalSection(SolutionConfigurationPlatforms) = preSolution
		Debug|Any CPU = Debug|Any CPU
		Release|Any CPU = Release|Any CPU
	EndGlobalSection
	GlobalSection(ProjectConfigurationPlatforms) = postSolution
		{DC13BFB9-4B13-4EE7-8C46-4DAFF7CFD817}.Debug|Any CPU.ActiveCfg = Debug|Any CPU
		{DC13BFB9-4B13-4EE7-8C46-4DAFF7CFD817}.Debug|Any CPU.Build.0 = Debug|Any CPU
		{DC13BFB9-4B13-4EE7-8C46-4DAFF7CFD817}.Release|Any CPU.ActiveCfg = Release|Any CPU
		{DC13BFB9-4B13-4EE7-8C46-4DAFF7CFD817}.Release|Any CPU.Build.0 = Release|Any CPU
	EndGlobalSection
	GlobalSection(SolutionProperties) = preSolution
		HideSolutionNode = FALSE
	EndGlobalSection
	GlobalSection(ExtensibilityGlobals) = postSolution
		SolutionGuid = {C7DC9974-E931-45A5-AEE5-AB32E4121968}
	EndGlobalSection
EndGlobal
